
Microsoft Visual Studio Solution File, Format Version 12.00
# Visual Studio Version 17
VisualStudioVersion = 17.9.34728.123
MinimumVisualStudioVersion = 10.0.40219.1
Project("{FAE04EC0-301F-11D3-BF4B-00C04F79EFBC}") = "XTRA.API", "XTRA.API\XTRA.API.csproj", "{94F1B75C-BA75-4F3E-87B0-BDD99ACD2999}"
EndProject
Project("{FAE04EC0-301F-11D3-BF4B-00C04F79EFBC}") = "XTRA.Domain", "XTRA.Domain\XTRA.Domain.csproj", "{ABA63A5F-66BE-4E98-A826-A06490EAC16C}"
EndProject
Project("{FAE04EC0-301F-11D3-BF4B-00C04F79EFBC}") = "XTRA.Application", "XTRA.Application\XTRA.Application.csproj", "{08BD81D5-4041-4FF2-96FC-19B96DABBE8B}"
EndProject
Project("{FAE04EC0-301F-11D3-BF4B-00C04F79EFBC}") = "XTRA.Infrastructure", "XTRA.Infrastructure\XTRA.Infrastructure.csproj", "{A8E86F63-D2FC-40EB-8028-80CF35200570}"
EndProject
Project("{FAE04EC0-301F-11D3-BF4B-00C04F79EFBC}") = "XTRA.Presentation", "XTRA.Presentation\XTRA.Presentation.csproj", "{991C5F20-202D-452E-BDC2-D13F099A027C}"
EndProject
Global
	GlobalSection(SolutionConfigurationPlatforms) = preSolution
		Debug|Any CPU = Debug|Any CPU
		Release|Any CPU = Release|Any CPU
	EndGlobalSection
	GlobalSection(ProjectConfigurationPlatforms) = postSolution
		{94F1B75C-BA75-4F3E-87B0-BDD99ACD2999}.Debug|Any CPU.ActiveCfg = Debug|Any CPU
		{94F1B75C-BA75-4F3E-87B0-BDD99ACD2999}.Debug|Any CPU.Build.0 = Debug|Any CPU
		{94F1B75C-BA75-4F3E-87B0-BDD99ACD2999}.Release|Any CPU.ActiveCfg = Release|Any CPU
		{94F1B75C-BA75-4F3E-87B0-BDD99ACD2999}.Release|Any CPU.Build.0 = Release|Any CPU
		{ABA63A5F-66BE-4E98-A826-A06490EAC16C}.Debug|Any CPU.ActiveCfg = Debug|Any CPU
		{ABA63A5F-66BE-4E98-A826-A06490EAC16C}.Debug|Any CPU.Build.0 = Debug|Any CPU
		{ABA63A5F-66BE-4E98-A826-A06490EAC16C}.Release|Any CPU.ActiveCfg = Release|Any CPU
		{ABA63A5F-66BE-4E98-A826-A06490EAC16C}.Release|Any CPU.Build.0 = Release|Any CPU
		{08BD81D5-4041-4FF2-96FC-19B96DABBE8B}.Debug|Any CPU.ActiveCfg = Debug|Any CPU
		{08BD81D5-4041-4FF2-96FC-19B96DABBE8B}.Debug|Any CPU.Build.0 = Debug|Any CPU
		{08BD81D5-4041-4FF2-96FC-19B96DABBE8B}.Release|Any CPU.ActiveCfg = Release|Any CPU
		{08BD81D5-4041-4FF2-96FC-19B96DABBE8B}.Release|Any CPU.Build.0 = Release|Any CPU
		{A8E86F63-D2FC-40EB-8028-80CF35200570}.Debug|Any CPU.ActiveCfg = Debug|Any CPU
		{A8E86F63-D2FC-40EB-8028-80CF35200570}.Debug|Any CPU.Build.0 = Debug|Any CPU
		{A8E86F63-D2FC-40EB-8028-80CF35200570}.Release|Any CPU.ActiveCfg = Release|Any CPU
		{A8E86F63-D2FC-40EB-8028-80CF35200570}.Release|Any CPU.Build.0 = Release|Any CPU
		{991C5F20-202D-452E-BDC2-D13F099A027C}.Debug|Any CPU.ActiveCfg = Debug|Any CPU
		{991C5F20-202D-452E-BDC2-D13F099A027C}.Debug|Any CPU.Build.0 = Debug|Any CPU
		{991C5F20-202D-452E-BDC2-D13F099A027C}.Release|Any CPU.ActiveCfg = Release|Any CPU
		{991C5F20-202D-452E-BDC2-D13F099A027C}.Release|Any CPU.Build.0 = Release|Any CPU
	EndGlobalSection
	GlobalSection(SolutionProperties) = preSolution
		HideSolutionNode = FALSE
	EndGlobalSection
	GlobalSection(ExtensibilityGlobals) = postSolution
		SolutionGuid = {40C9A727-EE24-41F8-8472-AF0400B09EDC}
	EndGlobalSection
EndGlobal
